
Microsoft Visual Studio Solution File, Format Version 12.00
# Visual Studio Version 17
VisualStudioVersion = 17.4.33110.190
MinimumVisualStudioVersion = 10.0.40219.1
Project("{FAE04EC0-301F-11D3-BF4B-00C04F79EFBC}") = "RentX", "RentX.csproj", "{7FE6867B-ACB9-4B99-90D1-E2816C3FD91E}"
EndProject
Global
	GlobalSection(SolutionConfigurationPlatforms) = preSolution
		Debug|Any CPU = Debug|Any CPU
		Release|Any CPU = Release|Any CPU
	EndGlobalSection
	GlobalSection(ProjectConfigurationPlatforms) = postSolution
		{7FE6867B-ACB9-4B99-90D1-E2816C3FD91E}.Debug|Any CPU.ActiveCfg = Debug|Any CPU
		{7FE6867B-ACB9-4B99-90D1-E2816C3FD91E}.Debug|Any CPU.Build.0 = Debug|Any CPU
		{7FE6867B-ACB9-4B99-90D1-E2816C3FD91E}.Release|Any CPU.ActiveCfg = Release|Any CPU
		{7FE6867B-ACB9-4B99-90D1-E2816C3FD91E}.Release|Any CPU.Build.0 = Release|Any CPU
	EndGlobalSection
	GlobalSection(SolutionProperties) = preSolution
		HideSolutionNode = FALSE
	EndGlobalSection
	GlobalSection(ExtensibilityGlobals) = postSolution
		SolutionGuid = {4E228FA1-A746-4459-9BC0-F84A08D8FD3D}
	EndGlobalSection
EndGlobal
